
Microsoft Visual Studio Solution File, Format Version 12.00
# Visual Studio Version 17
VisualStudioVersion = 17.0.31903.59
MinimumVisualStudioVersion = 10.0.40219.1
Project("{2150E333-8FDC-42A3-9474-1A3956D46DE8}") = "src", "src", "{827E0CD3-B72D-47B6-A68D-7590B98EB39B}"
EndProject
Project("{FAE04EC0-301F-11D3-BF4B-00C04F79EFBC}") = "StoreApp.Core", "src\StoreApp.Core\StoreApp.Core.csproj", "{DA0C68D5-2DED-4428-8B95-90C39BD3916B}"
EndProject
Project("{FAE04EC0-301F-11D3-BF4B-00C04F79EFBC}") = "StoreApp.DAL", "src\StoreApp.DAL\StoreApp.DAL.csproj", "{BD338CB5-1D2F-414A-9FED-ECF1D2616744}"
EndProject
Project("{FAE04EC0-301F-11D3-BF4B-00C04F79EFBC}") = "StoreApp.BLL", "src\StoreApp.BLL\StoreApp.BLL.csproj", "{00F03484-4B8F-47D3-A190-B191FB608D73}"
EndProject
Project("{FAE04EC0-301F-11D3-BF4B-00C04F79EFBC}") = "StoreApp.PL", "src\StoreApp.PL\StoreApp.PL.csproj", "{8057115C-1D1F-4DAE-9276-824EB85C8916}"
EndProject
Project("{FAE04EC0-301F-11D3-BF4B-00C04F79EFBC}") = "StoreApp.BLL.Tests", "src\StoreApp.BLL.Tests\StoreApp.BLL.Tests.csproj", "{451AA9DA-F24B-49CA-B486-473CF41525A3}"
EndProject
Global
	GlobalSection(SolutionConfigurationPlatforms) = preSolution
		Debug|Any CPU = Debug|Any CPU
		Debug|x64 = Debug|x64
		Debug|x86 = Debug|x86
		Release|Any CPU = Release|Any CPU
		Release|x64 = Release|x64
		Release|x86 = Release|x86
	EndGlobalSection
	GlobalSection(ProjectConfigurationPlatforms) = postSolution
		{DA0C68D5-2DED-4428-8B95-90C39BD3916B}.Debug|Any CPU.ActiveCfg = Debug|Any CPU
		{DA0C68D5-2DED-4428-8B95-90C39BD3916B}.Debug|Any CPU.Build.0 = Debug|Any CPU
		{DA0C68D5-2DED-4428-8B95-90C39BD3916B}.Debug|x64.ActiveCfg = Debug|Any CPU
		{DA0C68D5-2DED-4428-8B95-90C39BD3916B}.Debug|x64.Build.0 = Debug|Any CPU
		{DA0C68D5-2DED-4428-8B95-90C39BD3916B}.Debug|x86.ActiveCfg = Debug|Any CPU
		{DA0C68D5-2DED-4428-8B95-90C39BD3916B}.Debug|x86.Build.0 = Debug|Any CPU
		{DA0C68D5-2DED-4428-8B95-90C39BD3916B}.Release|Any CPU.ActiveCfg = Release|Any CPU
		{DA0C68D5-2DED-4428-8B95-90C39BD3916B}.Release|Any CPU.Build.0 = Release|Any CPU
		{DA0C68D5-2DED-4428-8B95-90C39BD3916B}.Release|x64.ActiveCfg = Release|Any CPU
		{DA0C68D5-2DED-4428-8B95-90C39BD3916B}.Release|x64.Build.0 = Release|Any CPU
		{DA0C68D5-2DED-4428-8B95-90C39BD3916B}.Release|x86.ActiveCfg = Release|Any CPU
		{DA0C68D5-2DED-4428-8B95-90C39BD3916B}.Release|x86.Build.0 = Release|Any CPU
		{BD338CB5-1D2F-414A-9FED-ECF1D2616744}.Debug|Any CPU.ActiveCfg = Debug|Any CPU
		{BD338CB5-1D2F-414A-9FED-ECF1D2616744}.Debug|Any CPU.Build.0 = Debug|Any CPU
		{BD338CB5-1D2F-414A-9FED-ECF1D2616744}.Debug|x64.ActiveCfg = Debug|Any CPU
		{BD338CB5-1D2F-414A-9FED-ECF1D2616744}.Debug|x64.Build.0 = Debug|Any CPU
		{BD338CB5-1D2F-414A-9FED-ECF1D2616744}.Debug|x86.ActiveCfg = Debug|Any CPU
		{BD338CB5-1D2F-414A-9FED-ECF1D2616744}.Debug|x86.Build.0 = Debug|Any CPU
		{BD338CB5-1D2F-414A-9FED-ECF1D2616744}.Release|Any CPU.ActiveCfg = Release|Any CPU
		{BD338CB5-1D2F-414A-9FED-ECF1D2616744}.Release|Any CPU.Build.0 = Release|Any CPU
		{BD338CB5-1D2F-414A-9FED-ECF1D2616744}.Release|x64.ActiveCfg = Release|Any CPU
		{BD338CB5-1D2F-414A-9FED-ECF1D2616744}.Release|x64.Build.0 = Release|Any CPU
		{BD338CB5-1D2F-414A-9FED-ECF1D2616744}.Release|x86.ActiveCfg = Release|Any CPU
		{BD338CB5-1D2F-414A-9FED-ECF1D2616744}.Release|x86.Build.0 = Release|Any CPU
		{00F03484-4B8F-47D3-A190-B191FB608D73}.Debug|Any CPU.ActiveCfg = Debug|Any CPU
		{00F03484-4B8F-47D3-A190-B191FB608D73}.Debug|Any CPU.Build.0 = Debug|Any CPU
		{00F03484-4B8F-47D3-A190-B191FB608D73}.Debug|x64.ActiveCfg = Debug|Any CPU
		{00F03484-4B8F-47D3-A190-B191FB608D73}.Debug|x64.Build.0 = Debug|Any CPU
		{00F03484-4B8F-47D3-A190-B191FB608D73}.Debug|x86.ActiveCfg = Debug|Any CPU
		{00F03484-4B8F-47D3-A190-B191FB608D73}.Debug|x86.Build.0 = Debug|Any CPU
		{00F03484-4B8F-47D3-A190-B191FB608D73}.Release|Any CPU.ActiveCfg = Release|Any CPU
		{00F03484-4B8F-47D3-A190-B191FB608D73}.Release|Any CPU.Build.0 = Release|Any CPU
		{00F03484-4B8F-47D3-A190-B191FB608D73}.Release|x64.ActiveCfg = Release|Any CPU
		{00F03484-4B8F-47D3-A190-B191FB608D73}.Release|x64.Build.0 = Release|Any CPU
		{00F03484-4B8F-47D3-A190-B191FB608D73}.Release|x86.ActiveCfg = Release|Any CPU
		{00F03484-4B8F-47D3-A190-B191FB608D73}.Release|x86.Build.0 = Release|Any CPU
		{8057115C-1D1F-4DAE-9276-824EB85C8916}.Debug|Any CPU.ActiveCfg = Debug|Any CPU
		{8057115C-1D1F-4DAE-9276-824EB85C8916}.Debug|Any CPU.Build.0 = Debug|Any CPU
		{8057115C-1D1F-4DAE-9276-824EB85C8916}.Debug|x64.ActiveCfg = Debug|Any CPU
		{8057115C-1D1F-4DAE-9276-824EB85C8916}.Debug|x64.Build.0 = Debug|Any CPU
		{8057115C-1D1F-4DAE-9276-824EB85C8916}.Debug|x86.ActiveCfg = Debug|Any CPU
		{8057115C-1D1F-4DAE-9276-824EB85C8916}.Debug|x86.Build.0 = Debug|Any CPU
		{8057115C-1D1F-4DAE-9276-824EB85C8916}.Release|Any CPU.ActiveCfg = Release|Any CPU
		{8057115C-1D1F-4DAE-9276-824EB85C8916}.Release|Any CPU.Build.0 = Release|Any CPU
		{8057115C-1D1F-4DAE-9276-824EB85C8916}.Release|x64.ActiveCfg = Release|Any CPU
		{8057115C-1D1F-4DAE-9276-824EB85C8916}.Release|x64.Build.0 = Release|Any CPU
		{8057115C-1D1F-4DAE-9276-824EB85C8916}.Release|x86.ActiveCfg = Release|Any CPU
		{8057115C-1D1F-4DAE-9276-824EB85C8916}.Release|x86.Build.0 = Release|Any CPU
		{451AA9DA-F24B-49CA-B486-473CF41525A3}.Debug|Any CPU.ActiveCfg = Debug|Any CPU
		{451AA9DA-F24B-49CA-B486-473CF41525A3}.Debug|Any CPU.Build.0 = Debug|Any CPU
		{451AA9DA-F24B-49CA-B486-473CF41525A3}.Debug|x64.ActiveCfg = Debug|Any CPU
		{451AA9DA-F24B-49CA-B486-473CF41525A3}.Debug|x64.Build.0 = Debug|Any CPU
		{451AA9DA-F24B-49CA-B486-473CF41525A3}.Debug|x86.ActiveCfg = Debug|Any CPU
		{451AA9DA-F24B-49CA-B486-473CF41525A3}.Debug|x86.Build.0 = Debug|Any CPU
		{451AA9DA-F24B-49CA-B486-473CF41525A3}.Release|Any CPU.ActiveCfg = Release|Any CPU
		{451AA9DA-F24B-49CA-B486-473CF41525A3}.Release|Any CPU.Build.0 = Release|Any CPU
		{451AA9DA-F24B-49CA-B486-473CF41525A3}.Release|x64.ActiveCfg = Release|Any CPU
		{451AA9DA-F24B-49CA-B486-473CF41525A3}.Release|x64.Build.0 = Release|Any CPU
		{451AA9DA-F24B-49CA-B486-473CF41525A3}.Release|x86.ActiveCfg = Release|Any CPU
		{451AA9DA-F24B-49CA-B486-473CF41525A3}.Release|x86.Build.0 = Release|Any CPU
	EndGlobalSection
	GlobalSection(SolutionProperties) = preSolution
		HideSolutionNode = FALSE
	EndGlobalSection
	GlobalSection(NestedProjects) = preSolution
		{DA0C68D5-2DED-4428-8B95-90C39BD3916B} = {827E0CD3-B72D-47B6-A68D-7590B98EB39B}
		{BD338CB5-1D2F-414A-9FED-ECF1D2616744} = {827E0CD3-B72D-47B6-A68D-7590B98EB39B}
		{00F03484-4B8F-47D3-A190-B191FB608D73} = {827E0CD3-B72D-47B6-A68D-7590B98EB39B}
		{8057115C-1D1F-4DAE-9276-824EB85C8916} = {827E0CD3-B72D-47B6-A68D-7590B98EB39B}
		{451AA9DA-F24B-49CA-B486-473CF41525A3} = {827E0CD3-B72D-47B6-A68D-7590B98EB39B}
	EndGlobalSection
EndGlobal
